
Microsoft Visual Studio Solution File, Format Version 12.00
# Visual Studio Version 17
VisualStudioVersion = 17.4.33403.182
MinimumVisualStudioVersion = 10.0.40219.1
Project("{8BC9CEB8-8B4A-11D0-8D11-00A0C91BC942}") = "0315", "0315.vcxproj", "{EDE72EF5-2746-40F2-8CDB-89C2762763EC}"
EndProject
Global
	GlobalSection(SolutionConfigurationPlatforms) = preSolution
		Debug|x64 = Debug|x64
		Debug|x86 = Debug|x86
		Release|x64 = Release|x64
		Release|x86 = Release|x86
	EndGlobalSection
	GlobalSection(ProjectConfigurationPlatforms) = postSolution
		{EDE72EF5-2746-40F2-8CDB-89C2762763EC}.Debug|x64.ActiveCfg = Debug|x64
		{EDE72EF5-2746-40F2-8CDB-89C2762763EC}.Debug|x64.Build.0 = Debug|x64
		{EDE72EF5-2746-40F2-8CDB-89C2762763EC}.Debug|x86.ActiveCfg = Debug|Win32
		{EDE72EF5-2746-40F2-8CDB-89C2762763EC}.Debug|x86.Build.0 = Debug|Win32
		{EDE72EF5-2746-40F2-8CDB-89C2762763EC}.Release|x64.ActiveCfg = Release|x64
		{EDE72EF5-2746-40F2-8CDB-89C2762763EC}.Release|x64.Build.0 = Release|x64
		{EDE72EF5-2746-40F2-8CDB-89C2762763EC}.Release|x86.ActiveCfg = Release|Win32
		{EDE72EF5-2746-40F2-8CDB-89C2762763EC}.Release|x86.Build.0 = Release|Win32
	EndGlobalSection
	GlobalSection(SolutionProperties) = preSolution
		HideSolutionNode = FALSE
	EndGlobalSection
	GlobalSection(ExtensibilityGlobals) = postSolution
		SolutionGuid = {9A3A9B22-D4D6-494A-A32C-513272F0AE44}
	EndGlobalSection
EndGlobal
